{
  "name": "file-size-stats",
  "version": "1.0.0",
  "lockfileVersion": 3,
  "requires": true,
  "packages": {
    "": {
      "name": "file-size-stats",
      "version": "1.0.0",
      "license": "ISC",
      "dependencies": {
        "file-size-stats": "^1.0.0"
      }
    },
    "node_modules/file-size-stats": {
      "version": "1.0.0",
      "resolved": "https://registry.npmjs.org/file-size-stats/-/file-size-stats-1.0.0.tgz",
      "integrity": "sha512-NHaZtAq51x6pwmcZA+D83+9uSjYbRFwx3Xe5S5sOks+xZX3reKcXT3tQJXT8gxwvBmsP8TShVkwjdSmaFK0CNg==",
      "license": "ISC"
    }
  }
}
